speakeasyVersion: 1.592.1
sources:
    ServiceM8 API:
        sourceNamespace: service-m-8-api
        sourceRevisionDigest: sha256:c24c4ef7e9187787ebefb7c3190390a792252f0b3084441b103f832b5eb5f790
        sourceBlobDigest: sha256:499397051b79fb97db75a569a48fd8894f1e8f2adb0da60d8f9ca0b8cb90099d
        tags:
            - latest
            - 1.0.0
targets:
    service-m-8:
        source: ServiceM8 API
        sourceNamespace: service-m-8-api
        sourceRevisionDigest: sha256:3ece1261ae831566b9a980459308f092968b35f18593f52c78d11f86ae397614
        sourceBlobDigest: sha256:5a069cf0f545262aeda24ae1cb299eda6aab7b8dc848c317ec32310db46f4f1b
        codeSamplesNamespace: service-m-8-api-typescript-code-samples
        codeSamplesRevisionDigest: sha256:8992ab76b9347817ba94159c46658e90854af0ba7e3243efaefa51ddb5dd9c72
    service-m8:
        source: ServiceM8 API
        sourceNamespace: service-m-8-api
        sourceRevisionDigest: sha256:131fb1410b23ea980ae26df254edd05177c4dd03840755ef3397a3458bdfcb39
        sourceBlobDigest: sha256:5a069cf0f545262aeda24ae1cb299eda6aab7b8dc848c317ec32310db46f4f1b
        codeSamplesNamespace: service-m-8-api-typescript-code-samples
        codeSamplesRevisionDigest: sha256:357c964a0fecdcd8d0bdcf281950f0409fb22021be9ec901ff807694932489b0
    servicem8:
        source: ServiceM8 API
        sourceNamespace: service-m-8-api
        sourceRevisionDigest: sha256:c24c4ef7e9187787ebefb7c3190390a792252f0b3084441b103f832b5eb5f790
        sourceBlobDigest: sha256:499397051b79fb97db75a569a48fd8894f1e8f2adb0da60d8f9ca0b8cb90099d
        codeSamplesNamespace: service-m-8-api-typescript-code-samples
        codeSamplesRevisionDigest: sha256:759c5c6c0b04ea6104b63fce67c6fd8acea4b6faba0c5cd1ca78c4b256a552bc
workflow:
    workflowVersion: 1.0.0
    speakeasyVersion: latest
    sources:
        ServiceM8 API:
            inputs:
                - location: api.json
            registry:
                location: registry.speakeasyapi.dev/servicem8-afy/main/service-m-8-api
    targets:
        servicem8:
            target: typescript
            source: ServiceM8 API
            publish:
                npm:
                    token: $npm_token
            codeSamples:
                registry:
                    location: registry.speakeasyapi.dev/servicem8-afy/main/service-m-8-api-typescript-code-samples
                labelOverride:
                    fixedValue: Typescript (SDK)
                blocking: false
